
Microsoft Visual Studio Solution File, Format Version 12.00
# Visual Studio Version 16
VisualStudioVersion = 16.0.31829.152
MinimumVisualStudioVersion = 10.0.40219.1
Project("{9092AA53-FB77-4645-B42D-1CCCA6BD08BD}") = "RClient", "RClient\RClient.njsproj", "{C9CB3DD2-E1D9-489E-A0BC-634E19F0F0A8}"
EndProject
Global
	GlobalSection(SolutionConfigurationPlatforms) = preSolution
		Debug|Any CPU = Debug|Any CPU
		Release|Any CPU = Release|Any CPU
	EndGlobalSection
	GlobalSection(ProjectConfigurationPlatforms) = postSolution
		{C9CB3DD2-E1D9-489E-A0BC-634E19F0F0A8}.Debug|Any CPU.ActiveCfg = Debug|Any CPU
		{C9CB3DD2-E1D9-489E-A0BC-634E19F0F0A8}.Debug|Any CPU.Build.0 = Debug|Any CPU
		{C9CB3DD2-E1D9-489E-A0BC-634E19F0F0A8}.Release|Any CPU.ActiveCfg = Release|Any CPU
		{C9CB3DD2-E1D9-489E-A0BC-634E19F0F0A8}.Release|Any CPU.Build.0 = Release|Any CPU
	EndGlobalSection
	GlobalSection(SolutionProperties) = preSolution
		HideSolutionNode = FALSE
	EndGlobalSection
	GlobalSection(ExtensibilityGlobals) = postSolution
		SolutionGuid = {659C642A-4FB6-475E-AE59-7D0E6724E5EE}
	EndGlobalSection
EndGlobal
